
Microsoft Visual Studio Solution File, Format Version 12.00
Project("{FAE04EC0-301F-11D3-BF4B-00C04F79EFBC}") = "SSRFGuard", "SSRFGuard\SSRFGuard.csproj", "{5A094D2E-5BE1-488B-B333-DBE9E7A71C2F}"
EndProject
Project("{FAE04EC0-301F-11D3-BF4B-00C04F79EFBC}") = "SSRFGuard.Tests", "SSRFGuard.Tests\SSRFGuard.Tests.csproj", "{2CD1FA2C-B1E4-4E95-A522-67AFB3449F1A}"
EndProject
Global
	GlobalSection(SolutionConfigurationPlatforms) = preSolution
		Debug|Any CPU = Debug|Any CPU
		Release|Any CPU = Release|Any CPU
	EndGlobalSection
	GlobalSection(ProjectConfigurationPlatforms) = postSolution
		{5A094D2E-5BE1-488B-B333-DBE9E7A71C2F}.Debug|Any CPU.ActiveCfg = Debug|Any CPU
		{5A094D2E-5BE1-488B-B333-DBE9E7A71C2F}.Debug|Any CPU.Build.0 = Debug|Any CPU
		{5A094D2E-5BE1-488B-B333-DBE9E7A71C2F}.Release|Any CPU.ActiveCfg = Release|Any CPU
		{5A094D2E-5BE1-488B-B333-DBE9E7A71C2F}.Release|Any CPU.Build.0 = Release|Any CPU
		{2CD1FA2C-B1E4-4E95-A522-67AFB3449F1A}.Debug|Any CPU.ActiveCfg = Debug|Any CPU
		{2CD1FA2C-B1E4-4E95-A522-67AFB3449F1A}.Debug|Any CPU.Build.0 = Debug|Any CPU
		{2CD1FA2C-B1E4-4E95-A522-67AFB3449F1A}.Release|Any CPU.ActiveCfg = Release|Any CPU
		{2CD1FA2C-B1E4-4E95-A522-67AFB3449F1A}.Release|Any CPU.Build.0 = Release|Any CPU
	EndGlobalSection
EndGlobal
